
Microsoft Visual Studio Solution File, Format Version 12.00
# Visual Studio 2015
Project("{FAE04EC0-301F-11D3-BF4B-00C04F79EFBC}") = "2dGame.CSharp.Plugins", "2dGame.CSharp.Plugins.csproj", "{6C809D71-9CEA-0F0F-7E28-BBA70674806B}"
EndProject
Project("{FAE04EC0-301F-11D3-BF4B-00C04F79EFBC}") = "2dGame.CSharp", "2dGame.CSharp.csproj", "{C9FB8F51-8121-6C16-C4C5-836B61A89E57}"
EndProject
Project("{FAE04EC0-301F-11D3-BF4B-00C04F79EFBC}") = "2dGame.CSharp.Editor", "2dGame.CSharp.Editor.csproj", "{7D92F257-31F5-CD3E-9EB8-60961D9E5DFD}"
EndProject
Global
	GlobalSection(SolutionConfigurationPlatforms) = preSolution
		Debug|Any CPU = Debug|Any CPU
		Release|Any CPU = Release|Any CPU
	EndGlobalSection
	GlobalSection(ProjectConfigurationPlatforms) = postSolution
		{6C809D71-9CEA-0F0F-7E28-BBA70674806B}.Debug|Any CPU.ActiveCfg = Debug|Any CPU
		{6C809D71-9CEA-0F0F-7E28-BBA70674806B}.Debug|Any CPU.Build.0 = Debug|Any CPU
		{6C809D71-9CEA-0F0F-7E28-BBA70674806B}.Release|Any CPU.ActiveCfg = Release|Any CPU
		{6C809D71-9CEA-0F0F-7E28-BBA70674806B}.Release|Any CPU.Build.0 = Release|Any CPU
		{C9FB8F51-8121-6C16-C4C5-836B61A89E57}.Debug|Any CPU.ActiveCfg = Debug|Any CPU
		{C9FB8F51-8121-6C16-C4C5-836B61A89E57}.Debug|Any CPU.Build.0 = Debug|Any CPU
		{C9FB8F51-8121-6C16-C4C5-836B61A89E57}.Release|Any CPU.ActiveCfg = Release|Any CPU
		{C9FB8F51-8121-6C16-C4C5-836B61A89E57}.Release|Any CPU.Build.0 = Release|Any CPU
		{7D92F257-31F5-CD3E-9EB8-60961D9E5DFD}.Debug|Any CPU.ActiveCfg = Debug|Any CPU
		{7D92F257-31F5-CD3E-9EB8-60961D9E5DFD}.Debug|Any CPU.Build.0 = Debug|Any CPU
		{7D92F257-31F5-CD3E-9EB8-60961D9E5DFD}.Release|Any CPU.ActiveCfg = Release|Any CPU
		{7D92F257-31F5-CD3E-9EB8-60961D9E5DFD}.Release|Any CPU.Build.0 = Release|Any CPU
	EndGlobalSection
	GlobalSection(SolutionProperties) = preSolution
		HideSolutionNode = FALSE
	EndGlobalSection
EndGlobal
